
Microsoft Visual Studio Solution File, Format Version 12.00
# Visual Studio 2012
Project("{FAE04EC0-301F-11D3-BF4B-00C04F79EFBC}") = "Udp2", "Udp2\Udp2.csproj", "{8A058881-B580-4D9A-BB78-6874C66CEBAF}"
EndProject
Global
	GlobalSection(SolutionConfigurationPlatforms) = preSolution
		Debug|Any CPU = Debug|Any CPU
		Release|Any CPU = Release|Any CPU
	EndGlobalSection
	GlobalSection(ProjectConfigurationPlatforms) = postSolution
		{8A058881-B580-4D9A-BB78-6874C66CEBAF}.Debug|Any CPU.ActiveCfg = Debug|Any CPU
		{8A058881-B580-4D9A-BB78-6874C66CEBAF}.Debug|Any CPU.Build.0 = Debug|Any CPU
		{8A058881-B580-4D9A-BB78-6874C66CEBAF}.Release|Any CPU.ActiveCfg = Release|Any CPU
		{8A058881-B580-4D9A-BB78-6874C66CEBAF}.Release|Any CPU.Build.0 = Release|Any CPU
	EndGlobalSection
	GlobalSection(SolutionProperties) = preSolution
		HideSolutionNode = FALSE
	EndGlobalSection
EndGlobal
